
Microsoft Visual Studio Solution File, Format Version 12.00
# Visual Studio Version 16
VisualStudioVersion = 16.0.30204.135
MinimumVisualStudioVersion = 10.0.40219.1
Project("{FAE04EC0-301F-11D3-BF4B-00C04F79EFBC}") = "Lab13.2", "Lab13.2\Lab13.2.csproj", "{9E7D0F4C-89EC-4117-9BAE-06EC18663C00}"
EndProject
Global
	GlobalSection(SolutionConfigurationPlatforms) = preSolution
		Debug|Any CPU = Debug|Any CPU
		Release|Any CPU = Release|Any CPU
	EndGlobalSection
	GlobalSection(ProjectConfigurationPlatforms) = postSolution
		{9E7D0F4C-89EC-4117-9BAE-06EC18663C00}.Debug|Any CPU.ActiveCfg = Debug|Any CPU
		{9E7D0F4C-89EC-4117-9BAE-06EC18663C00}.Debug|Any CPU.Build.0 = Debug|Any CPU
		{9E7D0F4C-89EC-4117-9BAE-06EC18663C00}.Release|Any CPU.ActiveCfg = Release|Any CPU
		{9E7D0F4C-89EC-4117-9BAE-06EC18663C00}.Release|Any CPU.Build.0 = Release|Any CPU
	EndGlobalSection
	GlobalSection(SolutionProperties) = preSolution
		HideSolutionNode = FALSE
	EndGlobalSection
	GlobalSection(ExtensibilityGlobals) = postSolution
		SolutionGuid = {15CDD087-D211-4253-8EBC-9676471524DB}
	EndGlobalSection
EndGlobal
